{
  "originHash" : "6acbac81db75afd2c6e79bbd035c2f7e067429e4526965302d33b183a9790de0",
  "pins" : [
    {
      "identity" : "apple-swiftpackage-kochavanetworking-xcframework",
      "kind" : "remoteSourceControl",
      "location" : "https://github.com/Kochava/Apple-SwiftPackage-KochavaNetworking-XCFramework",
      "state" : {
        "revision" : "d99a6ddefbde3c2e22227ce99f6ee89ebc00b8f2",
        "version" : "10.0.2"
      }
    }
  ],
  "version" : 3
}
