{
  "originHash" : "2617a7f0c20b17556e7a957d7408acb56683fd6b11cbaedd4e527eb5187aafbb",
  "pins" : [
    {
      "identity" : "apple-swiftpackage-kochavanetworking-xcframework",
      "kind" : "remoteSourceControl",
      "location" : "https://github.com/Kochava/Apple-SwiftPackage-KochavaNetworking-XCFramework",
      "state" : {
        "revision" : "28efbad74e9cc712229456ac71acb792be5418aa",
        "version" : "10.0.1"
      }
    }
  ],
  "version" : 3
}
