{
  "originHash" : "84ab1b773f577ef4822f02ce3991690da83ec9cb2f0ea134b2c535f33831a253",
  "pins" : [
    {
      "identity" : "apple-swiftpackage-kochavanetworking-xcframework",
      "kind" : "remoteSourceControl",
      "location" : "https://github.com/Kochava/Apple-SwiftPackage-KochavaNetworking-XCFramework",
      "state" : {
        "revision" : "18f258bb7594f4d3b50fd920a0552ba17fd7962d",
        "version" : "10.1.0"
      }
    }
  ],
  "version" : 3
}
